// !$*UTF8*$!
{
	archiveVersion = 1;
	classes = {
	};
	objectVersion = 46;
	objects = {

/* Begin PBXBuildFile section */
		114415A81C31133200F331EE /* main.m in Sources */ = {isa = PBXBuildFile; fileRef = 114415A71C31133200F331EE /* main.m */; };
		114415AB1C31133200F331EE /* AppDelegate.m in Sources */ = {isa = PBXBuildFile; fileRef = 114415AA1C31133200F331EE /* AppDelegate.m */; };
		114415AE1C31133200F331EE /* ViewController.m in Sources */ = {isa = PBXBuildFile; fileRef = 114415AD1C31133200F331EE /* ViewController.m */; };
		114415B11C31133200F331EE /* Main.storyboard in Resources */ = {isa = PBXBuildFile; fileRef = 114415AF1C31133200F331EE /* Main.storyboard */; };
		114415B31C31133200F331EE /* Assets.xcassets in Resources */ = {isa = PBXBuildFile; fileRef = 114415B21C31133200F331EE /* Assets.xcassets */; };
		114415B61C31133200F331EE /* LaunchScreen.storyboard in Resources */ = {isa = PBXBuildFile; fileRef = 114415B41C31133200F331EE /* LaunchScreen.storyboard */; };
		114415BF1C31156600F331EE /* MyTableViewCell.m in Sources */ = {isa = PBXBuildFile; fileRef = 114415BE1C31156600F331EE /* MyTableViewCell.m */; };
		114415C81C31774600F331EE /* SecondViewController.m in Sources */ = {isa = PBXBuildFile; fileRef = 114415C71C31774600F331EE /* SecondViewController.m */; };
/* End PBXBuildFile section */

/* Begin PBXFileReference section */
		114415A31C31133100F331EE /* TableViewWithFrame.app */ = {isa = PBXFileReference; explicitFileType = wrapper.application; includeInIndex = 0; path = TableViewWithFrame.app; sourceTree = BUILT_PRODUCTS_DIR; };
		114415A71C31133200F331EE /* main.m */ = {isa = PBXFileReference; lastKnownFileType = sourcecode.c.objc; path = main.m; sourceTree = "<group>"; };
		114415A91C31133200F331EE /* AppDelegate.h */ = {isa = PBXFileReference; lastKnownFileType = sourcecode.c.h; path = AppDelegate.h; sourceTree = "<group>"; };
		114415AA1C31133200F331EE /* AppDelegate.m */ = {isa = PBXFileReference; lastKnownFileType = sourcecode.c.objc; path = AppDelegate.m; sourceTree = "<group>"; };
		114415AC1C31133200F331EE /* ViewController.h */ = {isa = PBXFileReference; lastKnownFileType = sourcecode.c.h; path = ViewController.h; sourceTree = "<group>"; };
		114415AD1C31133200F331EE /* ViewController.m */ = {isa = PBXFileReference; lastKnownFileType = sourcecode.c.objc; path = ViewController.m; sourceTree = "<group>"; };
		114415B01C31133200F331EE /* Base */ = {isa = PBXFileReference; lastKnownFileType = file.storyboard; name = Base; path = Base.lproj/Main.storyboard; sourceTree = "<group>"; };
		114415B21C31133200F331EE /* Assets.xcassets */ = {isa = PBXFileReference; lastKnownFileType = folder.assetcatalog; path = Assets.xcassets; sourceTree = "<group>"; };
		114415B51C31133200F331EE /* Base */ = {isa = PBXFileReference; lastKnownFileType = file.storyboard; name = Base; path = Base.lproj/LaunchScreen.storyboard; sourceTree = "<group>"; };
		114415B71C31133200F331EE /* Info.plist */ = {isa = PBXFileReference; lastKnownFileType = text.plist.xml; path = Info.plist; sourceTree = "<group>"; };
		114415BD1C31156600F331EE /* MyTableViewCell.h */ = {isa = PBXFileReference; fileEncoding = 4; lastKnownFileType = sourcecode.c.h; path = MyTableViewCell.h; sourceTree = "<group>"; };
		114415BE1C31156600F331EE /* MyTableViewCell.m */ = {isa = PBXFileReference; fileEncoding = 4; lastKnownFileType = sourcecode.c.objc; path = MyTableViewCell.m; sourceTree = "<group>"; };
		114415C61C31774600F331EE /* SecondViewController.h */ = {isa = PBXFileReference; fileEncoding = 4; lastKnownFileType = sourcecode.c.h; path = SecondViewController.h; sourceTree = "<group>"; };
		114415C71C31774600F331EE /* SecondViewController.m */ = {isa = PBXFileReference; fileEncoding = 4; lastKnownFileType = sourcecode.c.objc; path = SecondViewController.m; sourceTree = "<group>"; };
/* End PBXFileReference section */

/* Begin PBXFrameworksBuildPhase section */
		114415A01C31133100F331EE /* Frameworks */ = {
			isa = PBXFrameworksBuildPhase;
			buildActionMask = 2147483647;
			files = (
			);
			runOnlyForDeploymentPostprocessing = 0;
		};
/* End PBXFrameworksBuildPhase section */

/* Begin PBXGroup section */
		1144159A1C31133100F331EE = {
			isa = PBXGroup;
			children = (
				114415A51C31133200F331EE /* TableViewWithFrame */,
				114415A41C31133100F331EE /* Products */,
			);
			sourceTree = "<group>";
		};
		114415A41C31133100F331EE /* Products */ = {
			isa = PBXGroup;
			children = (
				114415A31C31133100F331EE /* TableViewWithFrame.app */,
			);
			name = Products;
			sourceTree = "<group>";
		};
		114415A51C31133200F331EE /* TableViewWithFrame */ = {
			isa = PBXGroup;
			children = (
				114415A91C31133200F331EE /* AppDelegate.h */,
				114415AA1C31133200F331EE /* AppDelegate.m */,
				114415AC1C31133200F331EE /* ViewController.h */,
				114415AD1C31133200F331EE /* ViewController.m */,
				114415BD1C31156600F331EE /* MyTableViewCell.h */,
				114415BE1C31156600F331EE /* MyTableViewCell.m */,
				114415C61C31774600F331EE /* SecondViewController.h */,
				114415C71C31774600F331EE /* SecondViewController.m */,
				114415AF1C31133200F331EE /* Main.storyboard */,
				114415B21C31133200F331EE /* Assets.xcassets */,
				114415B41C31133200F331EE /* LaunchScreen.storyboard */,
				114415B71C31133200F331EE /* Info.plist */,
				114415A61C31133200F331EE /* Supporting Files */,
			);
			path = TableViewWithFrame;
			sourceTree = "<group>";
		};
		114415A61C31133200F331EE /* Supporting Files */ = {
			isa = PBXGroup;
			children = (
				114415A71C31133200F331EE /* main.m */,
			);
			name = "Supporting Files";
			sourceTree = "<group>";
		};
/* End PBXGroup section */

/* Begin PBXNativeTarget section */
		114415A21C31133100F331EE /* TableViewWithFrame */ = {
			isa = PBXNativeTarget;
			buildConfigurationList = 114415BA1C31133200F331EE /* Build configuration list for PBXNativeTarget "TableViewWithFrame" */;
			buildPhases = (
				1144159F1C31133100F331EE /* Sources */,
				114415A01C31133100F331EE /* Frameworks */,
				114415A11C31133100F331EE /* Resources */,
			);
			buildRules = (
			);
			dependencies = (
			);
			name = TableViewWithFrame;
			productName = TableViewWithFrame;
			productReference = 114415A31C31133100F331EE /* TableViewWithFrame.app */;
			productType = "com.apple.product-type.application";
		};
/* End PBXNativeTarget section */

/* Begin PBXProject section */
		1144159B1C31133100F331EE /* Project object */ = {
			isa = PBXProject;
			attributes = {
				LastUpgradeCheck = 0710;
				ORGANIZATIONNAME = iTechArt;
				TargetAttributes = {
					114415A21C31133100F331EE = {
						CreatedOnToolsVersion = 7.1.1;
					};
				};
			};
			buildConfigurationList = 1144159E1C31133100F331EE /* Build configuration list for PBXProject "TableViewWithFrame" */;
			compatibilityVersion = "Xcode 3.2";
			developmentRegion = English;
			hasScannedForEncodings = 0;
			knownRegions = (
				en,
				Base,
			);
			mainGroup = 1144159A1C31133100F331EE;
			productRefGroup = 114415A41C31133100F331EE /* Products */;
			projectDirPath = "";
			projectRoot = "";
			targets = (
				114415A21C31133100F331EE /* TableViewWithFrame */,
			);
		};
/* End PBXProject section */

/* Begin PBXResourcesBuildPhase section */
		114415A11C31133100F331EE /* Resources */ = {
			isa = PBXResourcesBuildPhase;
			buildActionMask = 2147483647;
			files = (
				114415B61C31133200F331EE /* LaunchScreen.storyboard in Resources */,
				114415B31C31133200F331EE /* Assets.xcassets in Resources */,
				114415B11C31133200F331EE /* Main.storyboard in Resources */,
			);
			runOnlyForDeploymentPostprocessing = 0;
		};
/* End PBXResourcesBuildPhase section */

/* Begin PBXSourcesBuildPhase section */
		1144159F1C31133100F331EE /* Sources */ = {
			isa = PBXSourcesBuildPhase;
			buildActionMask = 2147483647;
			files = (
				114415C81C31774600F331EE /* SecondViewController.m in Sources */,
				114415AE1C31133200F331EE /* ViewController.m in Sources */,
				114415BF1C31156600F331EE /* MyTableViewCell.m in Sources */,
				114415AB1C31133200F331EE /* AppDelegate.m in Sources */,
				114415A81C31133200F331EE /* main.m in Sources */,
			);
			runOnlyForDeploymentPostprocessing = 0;
		};
/* End PBXSourcesBuildPhase section */

/* Begin PBXVariantGroup section */
		114415AF1C31133200F331EE /* Main.storyboard */ = {
			isa = PBXVariantGroup;
			children = (
				114415B01C31133200F331EE /* Base */,
			);
			name = Main.storyboard;
			sourceTree = "<group>";
		};
		114415B41C31133200F331EE /* LaunchScreen.storyboard */ = {
			isa = PBXVariantGroup;
			children = (
				114415B51C31133200F331EE /* Base */,
			);
			name = LaunchScreen.storyboard;
			sourceTree = "<group>";
		};
/* End PBXVariantGroup section */

/* Begin XCBuildConfiguration section */
		114415B81C31133200F331EE /* Debug */ = {
			isa = XCBuildConfiguration;
			buildSettings = {
				ALWAYS_SEARCH_USER_PATHS = NO;
				CLANG_CXX_LANGUAGE_STANDARD = "gnu++0x";
				CLANG_CXX_LIBRARY = "libc++";
				CLANG_ENABLE_MODULES = YES;
				CLANG_ENABLE_OBJC_ARC = YES;
				CLANG_WARN_BOOL_CONVERSION = YES;
				CLANG_WARN_CONSTANT_CONVERSION = YES;
				CLANG_WARN_DIRECT_OBJC_ISA_USAGE = YES_ERROR;
				CLANG_WARN_EMPTY_BODY = YES;
				CLANG_WARN_ENUM_CONVERSION = YES;
				CLANG_WARN_INT_CONVERSION = YES;
				CLANG_WARN_OBJC_ROOT_CLASS = YES_ERROR;
				CLANG_WARN_UNREACHABLE_CODE = YES;
				CLANG_WARN__DUPLICATE_METHOD_MATCH = YES;
				"CODE_SIGN_IDENTITY[sdk=iphoneos*]" = "iPhone Developer";
				COPY_PHASE_STRIP = NO;
				DEBUG_INFORMATION_FORMAT = dwarf;
				ENABLE_STRICT_OBJC_MSGSEND = YES;
				ENABLE_TESTABILITY = YES;
				GCC_C_LANGUAGE_STANDARD = gnu99;
				GCC_DYNAMIC_NO_PIC = NO;
				GCC_NO_COMMON_BLOCKS = YES;
				GCC_OPTIMIZATION_LEVEL = 0;
				GCC_PREPROCESSOR_DEFINITIONS = (
					"DEBUG=1",
					"$(inherited)",
				);
				GCC_WARN_64_TO_32_BIT_CONVERSION = YES;
				GCC_WARN_ABOUT_RETURN_TYPE = YES_ERROR;
				GCC_WARN_UNDECLARED_SELECTOR = YES;
				GCC_WARN_UNINITIALIZED_AUTOS = YES_AGGRESSIVE;
				GCC_WARN_UNUSED_FUNCTION = YES;
				GCC_WARN_UNUSED_VARIABLE = YES;
				IPHONEOS_DEPLOYMENT_TARGET = 9.1;
				MTL_ENABLE_DEBUG_INFO = YES;
				ONLY_ACTIVE_ARCH = YES;
				SDKROOT = iphoneos;
				TARGETED_DEVICE_FAMILY = "1,2";
			};
			name = Debug;
		};
		114415B91C31133200F331EE /* Release */ = {
			isa = XCBuildConfiguration;
			buildSettings = {
				ALWAYS_SEARCH_USER_PATHS = NO;
				CLANG_CXX_LANGUAGE_STANDARD = "gnu++0x";
				CLANG_CXX_LIBRARY = "libc++";
				CLANG_ENABLE_MODULES = YES;
				CLANG_ENABLE_OBJC_ARC = YES;
				CLANG_WARN_BOOL_CONVERSION = YES;
				CLANG_WARN_CONSTANT_CONVERSION = YES;
				CLANG_WARN_DIRECT_OBJC_ISA_USAGE = YES_ERROR;
				CLANG_WARN_EMPTY_BODY = YES;
				CLANG_WARN_ENUM_CONVERSION = YES;
				CLANG_WARN_INT_CONVERSION = YES;
				CLANG_WARN_OBJC_ROOT_CLASS = YES_ERROR;
				CLANG_WARN_UNREACHABLE_CODE = YES;
				CLANG_WARN__DUPLICATE_METHOD_MATCH = YES;
				"CODE_SIGN_IDENTITY[sdk=iphoneos*]" = "iPhone Developer";
				COPY_PHASE_STRIP = NO;
				DEBUG_INFORMATION_FORMAT = "dwarf-with-dsym";
				ENABLE_NS_ASSERTIONS = NO;
				ENABLE_STRICT_OBJC_MSGSEND = YES;
				GCC_C_LANGUAGE_STANDARD = gnu99;
				GCC_NO_COMMON_BLOCKS = YES;
				GCC_WARN_64_TO_32_BIT_CONVERSION = YES;
				GCC_WARN_ABOUT_RETURN_TYPE = YES_ERROR;
				GCC_WARN_UNDECLARED_SELECTOR = YES;
				GCC_WARN_UNINITIALIZED_AUTOS = YES_AGGRESSIVE;
				GCC_WARN_UNUSED_FUNCTION = YES;
				GCC_WARN_UNUSED_VARIABLE = YES;
				IPHONEOS_DEPLOYMENT_TARGET = 9.1;
				MTL_ENABLE_DEBUG_INFO = NO;
				SDKROOT = iphoneos;
				TARGETED_DEVICE_FAMILY = "1,2";
				VALIDATE_PRODUCT = YES;
			};
			name = Release;
		};
		114415BB1C31133200F331EE /* Debug */ = {
			isa = XCBuildConfiguration;
			buildSettings = {
				ASSETCATALOG_COMPILER_APPICON_NAME = AppIcon;
				INFOPLIST_FILE = TableViewWithFrame/Info.plist;
				LD_RUNPATH_SEARCH_PATHS = "$(inherited) @executable_path/Frameworks";
				PRODUCT_BUNDLE_IDENTIFIER = com.itechart.TableViewWithFrame;
				PRODUCT_NAME = "$(TARGET_NAME)";
			};
			name = Debug;
		};
		114415BC1C31133200F331EE /* Release */ = {
			isa = XCBuildConfiguration;
			buildSettings = {
				ASSETCATALOG_COMPILER_APPICON_NAME = AppIcon;
				INFOPLIST_FILE = TableViewWithFrame/Info.plist;
				LD_RUNPATH_SEARCH_PATHS = "$(inherited) @executable_path/Frameworks";
				PRODUCT_BUNDLE_IDENTIFIER = com.itechart.TableViewWithFrame;
				PRODUCT_NAME = "$(TARGET_NAME)";
			};
			name = Release;
		};
/* End XCBuildConfiguration section */

/* Begin XCConfigurationList section */
		1144159E1C31133100F331EE /* Build configuration list for PBXProject "TableViewWithFrame" */ = {
			isa = XCConfigurationList;
			buildConfigurations = (
				114415B81C31133200F331EE /* Debug */,
				114415B91C31133200F331EE /* Release */,
			);
			defaultConfigurationIsVisible = 0;
			defaultConfigurationName = Release;
		};
		114415BA1C31133200F331EE /* Build configuration list for PBXNativeTarget "TableViewWithFrame" */ = {
			isa = XCConfigurationList;
			buildConfigurations = (
				114415BB1C31133200F331EE /* Debug */,
				114415BC1C31133200F331EE /* Release */,
			);
			defaultConfigurationIsVisible = 0;
		};
/* End XCConfigurationList section */
	};
	rootObject = 1144159B1C31133100F331EE /* Project object */;
}
